
Microsoft Visual Studio Solution File, Format Version 12.00
# Visual Studio Version 17
VisualStudioVersion = 17.5.002.0
MinimumVisualStudioVersion = 10.0.40219.1
Project("{9A19103F-16F7-4668-BE54-9A1E7A4F7556}") = "QueueTrials", "QueueTrials.csproj", "{565D9A4A-B971-460D-983A-C74DFF4B3C7B}"
EndProject
Global
	GlobalSection(SolutionConfigurationPlatforms) = preSolution
		Debug|Any CPU = Debug|Any CPU
		Release|Any CPU = Release|Any CPU
	EndGlobalSection
	GlobalSection(ProjectConfigurationPlatforms) = postSolution
		{565D9A4A-B971-460D-983A-C74DFF4B3C7B}.Debug|Any CPU.ActiveCfg = Debug|Any CPU
		{565D9A4A-B971-460D-983A-C74DFF4B3C7B}.Debug|Any CPU.Build.0 = Debug|Any CPU
		{565D9A4A-B971-460D-983A-C74DFF4B3C7B}.Release|Any CPU.ActiveCfg = Release|Any CPU
		{565D9A4A-B971-460D-983A-C74DFF4B3C7B}.Release|Any CPU.Build.0 = Release|Any CPU
	EndGlobalSection
	GlobalSection(SolutionProperties) = preSolution
		HideSolutionNode = FALSE
	EndGlobalSection
	GlobalSection(ExtensibilityGlobals) = postSolution
		SolutionGuid = {B5C24D0D-D20C-4D46-96CE-B1F5247162F7}
	EndGlobalSection
EndGlobal
